
Microsoft Visual Studio Solution File, Format Version 12.00
# Visual Studio Version 17
VisualStudioVersion = 17.5.33627.172
MinimumVisualStudioVersion = 10.0.40219.1
Project("{FAE04EC0-301F-11D3-BF4B-00C04F79EFBC}") = "AgeingCapture", "AgeingCapture\AgeingCapture.csproj", "{BB2BA059-42B0-4F89-B045-CC6AAD2B40D2}"
EndProject
Global
	GlobalSection(SolutionConfigurationPlatforms) = preSolution
		Debug|Any CPU = Debug|Any CPU
		Release|Any CPU = Release|Any CPU
	EndGlobalSection
	GlobalSection(ProjectConfigurationPlatforms) = postSolution
		{BB2BA059-42B0-4F89-B045-CC6AAD2B40D2}.Debug|Any CPU.ActiveCfg = Debug|Any CPU
		{BB2BA059-42B0-4F89-B045-CC6AAD2B40D2}.Debug|Any CPU.Build.0 = Debug|Any CPU
		{BB2BA059-42B0-4F89-B045-CC6AAD2B40D2}.Release|Any CPU.ActiveCfg = Release|Any CPU
		{BB2BA059-42B0-4F89-B045-CC6AAD2B40D2}.Release|Any CPU.Build.0 = Release|Any CPU
	EndGlobalSection
	GlobalSection(SolutionProperties) = preSolution
		HideSolutionNode = FALSE
	EndGlobalSection
	GlobalSection(ExtensibilityGlobals) = postSolution
		SolutionGuid = {DE871F59-EF87-4C93-962D-D054EE2803D2}
	EndGlobalSection
EndGlobal
